
Microsoft Visual Studio Solution File, Format Version 12.00
# Visual Studio Version 16
VisualStudioVersion = 16.0.30309.148
MinimumVisualStudioVersion = 10.0.40219.1
Project("{FAE04EC0-301F-11D3-BF4B-00C04F79EFBC}") = "BlazorApp.Server", "Server\BlazorApp.Server.csproj", "{17A46DBB-7016-4EA1-A443-331D1D409F3B}"
EndProject
Project("{FAE04EC0-301F-11D3-BF4B-00C04F79EFBC}") = "BlazorApp.Client", "Client\BlazorApp.Client.csproj", "{F91EBB87-CC1E-4848-B32F-1AED7EA526A1}"
EndProject
Project("{FAE04EC0-301F-11D3-BF4B-00C04F79EFBC}") = "BlazorApp.Shared", "Shared\BlazorApp.Shared.csproj", "{91AEC238-83E1-400E-AD28-263172395F0F}"
EndProject
Global
	GlobalSection(SolutionConfigurationPlatforms) = preSolution
		Debug|Any CPU = Debug|Any CPU
		Release|Any CPU = Release|Any CPU
	EndGlobalSection
	GlobalSection(ProjectConfigurationPlatforms) = postSolution
		{17A46DBB-7016-4EA1-A443-331D1D409F3B}.Debug|Any CPU.ActiveCfg = Debug|Any CPU
		{17A46DBB-7016-4EA1-A443-331D1D409F3B}.Debug|Any CPU.Build.0 = Debug|Any CPU
		{17A46DBB-7016-4EA1-A443-331D1D409F3B}.Release|Any CPU.ActiveCfg = Release|Any CPU
		{17A46DBB-7016-4EA1-A443-331D1D409F3B}.Release|Any CPU.Build.0 = Release|Any CPU
		{F91EBB87-CC1E-4848-B32F-1AED7EA526A1}.Debug|Any CPU.ActiveCfg = Debug|Any CPU
		{F91EBB87-CC1E-4848-B32F-1AED7EA526A1}.Debug|Any CPU.Build.0 = Debug|Any CPU
		{F91EBB87-CC1E-4848-B32F-1AED7EA526A1}.Release|Any CPU.ActiveCfg = Release|Any CPU
		{F91EBB87-CC1E-4848-B32F-1AED7EA526A1}.Release|Any CPU.Build.0 = Release|Any CPU
		{91AEC238-83E1-400E-AD28-263172395F0F}.Debug|Any CPU.ActiveCfg = Debug|Any CPU
		{91AEC238-83E1-400E-AD28-263172395F0F}.Debug|Any CPU.Build.0 = Debug|Any CPU
		{91AEC238-83E1-400E-AD28-263172395F0F}.Release|Any CPU.ActiveCfg = Release|Any CPU
		{91AEC238-83E1-400E-AD28-263172395F0F}.Release|Any CPU.Build.0 = Release|Any CPU
	EndGlobalSection
	GlobalSection(SolutionProperties) = preSolution
		HideSolutionNode = FALSE
	EndGlobalSection
	GlobalSection(ExtensibilityGlobals) = postSolution
		SolutionGuid = {39B0EEFE-F36C-4D17-8CEF-146643B95ECC}
	EndGlobalSection
EndGlobal
